// !$*UTF8*$!
{
	archiveVersion = 1;
	classes = {
	};
	objectVersion = 46;
	objects = {

/* Begin PBXBuildFile section */
		C8BB5FB81D5C26A200006DCE /* main.m in Sources */ = {isa = PBXBuildFile; fileRef = C8BB5FB71D5C26A200006DCE /* main.m */; };
		C8BB5FBB1D5C26A200006DCE /* AppDelegate.m in Sources */ = {isa = PBXBuildFile; fileRef = C8BB5FBA1D5C26A200006DCE /* AppDelegate.m */; };
		C8BB5FBE1D5C26A200006DCE /* ViewController.m in Sources */ = {isa = PBXBuildFile; fileRef = C8BB5FBD1D5C26A200006DCE /* ViewController.m */; };
		C8BB5FC11D5C26A200006DCE /* Main.storyboard in Resources */ = {isa = PBXBuildFile; fileRef = C8BB5FBF1D5C26A200006DCE /* Main.storyboard */; };
		C8BB5FC31D5C26A200006DCE /* Assets.xcassets in Resources */ = {isa = PBXBuildFile; fileRef = C8BB5FC21D5C26A200006DCE /* Assets.xcassets */; };
		C8BB5FC61D5C26A200006DCE /* LaunchScreen.storyboard in Resources */ = {isa = PBXBuildFile; fileRef = C8BB5FC41D5C26A200006DCE /* LaunchScreen.storyboard */; };
/* End PBXBuildFile section */

/* Begin PBXFileReference section */
		C8BB5FB31D5C26A200006DCE /* barrierDemo.app */ = {isa = PBXFileReference; explicitFileType = wrapper.application; includeInIndex = 0; path = barrierDemo.app; sourceTree = BUILT_PRODUCTS_DIR; };
		C8BB5FB71D5C26A200006DCE /* main.m */ = {isa = PBXFileReference; lastKnownFileType = sourcecode.c.objc; path = main.m; sourceTree = "<group>"; };
		C8BB5FB91D5C26A200006DCE /* AppDelegate.h */ = {isa = PBXFileReference; lastKnownFileType = sourcecode.c.h; path = AppDelegate.h; sourceTree = "<group>"; };
		C8BB5FBA1D5C26A200006DCE /* AppDelegate.m */ = {isa = PBXFileReference; lastKnownFileType = sourcecode.c.objc; path = AppDelegate.m; sourceTree = "<group>"; };
		C8BB5FBC1D5C26A200006DCE /* ViewController.h */ = {isa = PBXFileReference; lastKnownFileType = sourcecode.c.h; path = ViewController.h; sourceTree = "<group>"; };
		C8BB5FBD1D5C26A200006DCE /* ViewController.m */ = {isa = PBXFileReference; lastKnownFileType = sourcecode.c.objc; path = ViewController.m; sourceTree = "<group>"; };
		C8BB5FC01D5C26A200006DCE /* Base */ = {isa = PBXFileReference; lastKnownFileType = file.storyboard; name = Base; path = Base.lproj/Main.storyboard; sourceTree = "<group>"; };
		C8BB5FC21D5C26A200006DCE /* Assets.xcassets */ = {isa = PBXFileReference; lastKnownFileType = folder.assetcatalog; path = Assets.xcassets; sourceTree = "<group>"; };
		C8BB5FC51D5C26A200006DCE /* Base */ = {isa = PBXFileReference; lastKnownFileType = file.storyboard; name = Base; path = Base.lproj/LaunchScreen.storyboard; sourceTree = "<group>"; };
		C8BB5FC71D5C26A200006DCE /* Info.plist */ = {isa = PBXFileReference; lastKnownFileType = text.plist.xml; path = Info.plist; sourceTree = "<group>"; };
/* End PBXFileReference section */

/* Begin PBXFrameworksBuildPhase section */
		C8BB5FB01D5C26A200006DCE /* Frameworks */ = {
			isa = PBXFrameworksBuildPhase;
			buildActionMask = 2147483647;
			files = (
			);
			runOnlyForDeploymentPostprocessing = 0;
		};
/* End PBXFrameworksBuildPhase section */

/* Begin PBXGroup section */
		C8BB5FAA1D5C26A200006DCE = {
			isa = PBXGroup;
			children = (
				C8BB5FB51D5C26A200006DCE /* barrierDemo */,
				C8BB5FB41D5C26A200006DCE /* Products */,
			);
			sourceTree = "<group>";
		};
		C8BB5FB41D5C26A200006DCE /* Products */ = {
			isa = PBXGroup;
			children = (
				C8BB5FB31D5C26A200006DCE /* barrierDemo.app */,
			);
			name = Products;
			sourceTree = "<group>";
		};
		C8BB5FB51D5C26A200006DCE /* barrierDemo */ = {
			isa = PBXGroup;
			children = (
				C8BB5FB91D5C26A200006DCE /* AppDelegate.h */,
				C8BB5FBA1D5C26A200006DCE /* AppDelegate.m */,
				C8BB5FBC1D5C26A200006DCE /* ViewController.h */,
				C8BB5FBD1D5C26A200006DCE /* ViewController.m */,
				C8BB5FBF1D5C26A200006DCE /* Main.storyboard */,
				C8BB5FC21D5C26A200006DCE /* Assets.xcassets */,
				C8BB5FC41D5C26A200006DCE /* LaunchScreen.storyboard */,
				C8BB5FC71D5C26A200006DCE /* Info.plist */,
				C8BB5FB61D5C26A200006DCE /* Supporting Files */,
			);
			path = barrierDemo;
			sourceTree = "<group>";
		};
		C8BB5FB61D5C26A200006DCE /* Supporting Files */ = {
			isa = PBXGroup;
			children = (
				C8BB5FB71D5C26A200006DCE /* main.m */,
			);
			name = "Supporting Files";
			sourceTree = "<group>";
		};
/* End PBXGroup section */

/* Begin PBXNativeTarget section */
		C8BB5FB21D5C26A200006DCE /* barrierDemo */ = {
			isa = PBXNativeTarget;
			buildConfigurationList = C8BB5FCA1D5C26A200006DCE /* Build configuration list for PBXNativeTarget "barrierDemo" */;
			buildPhases = (
				C8BB5FAF1D5C26A200006DCE /* Sources */,
				C8BB5FB01D5C26A200006DCE /* Frameworks */,
				C8BB5FB11D5C26A200006DCE /* Resources */,
			);
			buildRules = (
			);
			dependencies = (
			);
			name = barrierDemo;
			productName = barrierDemo;
			productReference = C8BB5FB31D5C26A200006DCE /* barrierDemo.app */;
			productType = "com.apple.product-type.application";
		};
/* End PBXNativeTarget section */

/* Begin PBXProject section */
		C8BB5FAB1D5C26A200006DCE /* Project object */ = {
			isa = PBXProject;
			attributes = {
				LastUpgradeCheck = 0730;
				ORGANIZATIONNAME = goyakod;
				TargetAttributes = {
					C8BB5FB21D5C26A200006DCE = {
						CreatedOnToolsVersion = 7.3.1;
					};
				};
			};
			buildConfigurationList = C8BB5FAE1D5C26A200006DCE /* Build configuration list for PBXProject "barrierDemo" */;
			compatibilityVersion = "Xcode 3.2";
			developmentRegion = English;
			hasScannedForEncodings = 0;
			knownRegions = (
				en,
				Base,
			);
			mainGroup = C8BB5FAA1D5C26A200006DCE;
			productRefGroup = C8BB5FB41D5C26A200006DCE /* Products */;
			projectDirPath = "";
			projectRoot = "";
			targets = (
				C8BB5FB21D5C26A200006DCE /* barrierDemo */,
			);
		};
/* End PBXProject section */

/* Begin PBXResourcesBuildPhase section */
		C8BB5FB11D5C26A200006DCE /* Resources */ = {
			isa = PBXResourcesBuildPhase;
			buildActionMask = 2147483647;
			files = (
				C8BB5FC61D5C26A200006DCE /* LaunchScreen.storyboard in Resources */,
				C8BB5FC31D5C26A200006DCE /* Assets.xcassets in Resources */,
				C8BB5FC11D5C26A200006DCE /* Main.storyboard in Resources */,
			);
			runOnlyForDeploymentPostprocessing = 0;
		};
/* End PBXResourcesBuildPhase section */

/* Begin PBXSourcesBuildPhase section */
		C8BB5FAF1D5C26A200006DCE /* Sources */ = {
			isa = PBXSourcesBuildPhase;
			buildActionMask = 2147483647;
			files = (
				C8BB5FBE1D5C26A200006DCE /* ViewController.m in Sources */,
				C8BB5FBB1D5C26A200006DCE /* AppDelegate.m in Sources */,
				C8BB5FB81D5C26A200006DCE /* main.m in Sources */,
			);
			runOnlyForDeploymentPostprocessing = 0;
		};
/* End PBXSourcesBuildPhase section */

/* Begin PBXVariantGroup section */
		C8BB5FBF1D5C26A200006DCE /* Main.storyboard */ = {
			isa = PBXVariantGroup;
			children = (
				C8BB5FC01D5C26A200006DCE /* Base */,
			);
			name = Main.storyboard;
			sourceTree = "<group>";
		};
		C8BB5FC41D5C26A200006DCE /* LaunchScreen.storyboard */ = {
			isa = PBXVariantGroup;
			children = (
				C8BB5FC51D5C26A200006DCE /* Base */,
			);
			name = LaunchScreen.storyboard;
			sourceTree = "<group>";
		};
/* End PBXVariantGroup section */

/* Begin XCBuildConfiguration section */
		C8BB5FC81D5C26A200006DCE /* Debug */ = {
			isa = XCBuildConfiguration;
			buildSettings = {
				ALWAYS_SEARCH_USER_PATHS = NO;
				CLANG_ANALYZER_NONNULL = YES;
				CLANG_CXX_LANGUAGE_STANDARD = "gnu++0x";
				CLANG_CXX_LIBRARY = "libc++";
				CLANG_ENABLE_MODULES = YES;
				CLANG_ENABLE_OBJC_ARC = YES;
				CLANG_WARN_BOOL_CONVERSION = YES;
				CLANG_WARN_CONSTANT_CONVERSION = YES;
				CLANG_WARN_DIRECT_OBJC_ISA_USAGE = YES_ERROR;
				CLANG_WARN_EMPTY_BODY = YES;
				CLANG_WARN_ENUM_CONVERSION = YES;
				CLANG_WARN_INT_CONVERSION = YES;
				CLANG_WARN_OBJC_ROOT_CLASS = YES_ERROR;
				CLANG_WARN_UNREACHABLE_CODE = YES;
				CLANG_WARN__DUPLICATE_METHOD_MATCH = YES;
				"CODE_SIGN_IDENTITY[sdk=iphoneos*]" = "iPhone Developer";
				COPY_PHASE_STRIP = NO;
				DEBUG_INFORMATION_FORMAT = dwarf;
				ENABLE_STRICT_OBJC_MSGSEND = YES;
				ENABLE_TESTABILITY = YES;
				GCC_C_LANGUAGE_STANDARD = gnu99;
				GCC_DYNAMIC_NO_PIC = NO;
				GCC_NO_COMMON_BLOCKS = YES;
				GCC_OPTIMIZATION_LEVEL = 0;
				GCC_PREPROCESSOR_DEFINITIONS = (
					"DEBUG=1",
					"$(inherited)",
				);
				GCC_WARN_64_TO_32_BIT_CONVERSION = YES;
				GCC_WARN_ABOUT_RETURN_TYPE = YES_ERROR;
				GCC_WARN_UNDECLARED_SELECTOR = YES;
				GCC_WARN_UNINITIALIZED_AUTOS = YES_AGGRESSIVE;
				GCC_WARN_UNUSED_FUNCTION = YES;
				GCC_WARN_UNUSED_VARIABLE = YES;
				IPHONEOS_DEPLOYMENT_TARGET = 9.3;
				MTL_ENABLE_DEBUG_INFO = YES;
				ONLY_ACTIVE_ARCH = YES;
				SDKROOT = iphoneos;
			};
			name = Debug;
		};
		C8BB5FC91D5C26A200006DCE /* Release */ = {
			isa = XCBuildConfiguration;
			buildSettings = {
				ALWAYS_SEARCH_USER_PATHS = NO;
				CLANG_ANALYZER_NONNULL = YES;
				CLANG_CXX_LANGUAGE_STANDARD = "gnu++0x";
				CLANG_CXX_LIBRARY = "libc++";
				CLANG_ENABLE_MODULES = YES;
				CLANG_ENABLE_OBJC_ARC = YES;
				CLANG_WARN_BOOL_CONVERSION = YES;
				CLANG_WARN_CONSTANT_CONVERSION = YES;
				CLANG_WARN_DIRECT_OBJC_ISA_USAGE = YES_ERROR;
				CLANG_WARN_EMPTY_BODY = YES;
				CLANG_WARN_ENUM_CONVERSION = YES;
				CLANG_WARN_INT_CONVERSION = YES;
				CLANG_WARN_OBJC_ROOT_CLASS = YES_ERROR;
				CLANG_WARN_UNREACHABLE_CODE = YES;
				CLANG_WARN__DUPLICATE_METHOD_MATCH = YES;
				"CODE_SIGN_IDENTITY[sdk=iphoneos*]" = "iPhone Developer";
				COPY_PHASE_STRIP = NO;
				DEBUG_INFORMATION_FORMAT = "dwarf-with-dsym";
				ENABLE_NS_ASSERTIONS = NO;
				ENABLE_STRICT_OBJC_MSGSEND = YES;
				GCC_C_LANGUAGE_STANDARD = gnu99;
				GCC_NO_COMMON_BLOCKS = YES;
				GCC_WARN_64_TO_32_BIT_CONVERSION = YES;
				GCC_WARN_ABOUT_RETURN_TYPE = YES_ERROR;
				GCC_WARN_UNDECLARED_SELECTOR = YES;
				GCC_WARN_UNINITIALIZED_AUTOS = YES_AGGRESSIVE;
				GCC_WARN_UNUSED_FUNCTION = YES;
				GCC_WARN_UNUSED_VARIABLE = YES;
				IPHONEOS_DEPLOYMENT_TARGET = 9.3;
				MTL_ENABLE_DEBUG_INFO = NO;
				SDKROOT = iphoneos;
				VALIDATE_PRODUCT = YES;
			};
			name = Release;
		};
		C8BB5FCB1D5C26A200006DCE /* Debug */ = {
			isa = XCBuildConfiguration;
			buildSettings = {
				ASSETCATALOG_COMPILER_APPICON_NAME = AppIcon;
				INFOPLIST_FILE = barrierDemo/Info.plist;
				LD_RUNPATH_SEARCH_PATHS = "$(inherited) @executable_path/Frameworks";
				PRODUCT_BUNDLE_IDENTIFIER = com.zhangxue.barrierDemo;
				PRODUCT_NAME = "$(TARGET_NAME)";
			};
			name = Debug;
		};
		C8BB5FCC1D5C26A200006DCE /* Release */ = {
			isa = XCBuildConfiguration;
			buildSettings = {
				ASSETCATALOG_COMPILER_APPICON_NAME = AppIcon;
				INFOPLIST_FILE = barrierDemo/Info.plist;
				LD_RUNPATH_SEARCH_PATHS = "$(inherited) @executable_path/Frameworks";
				PRODUCT_BUNDLE_IDENTIFIER = com.zhangxue.barrierDemo;
				PRODUCT_NAME = "$(TARGET_NAME)";
			};
			name = Release;
		};
/* End XCBuildConfiguration section */

/* Begin XCConfigurationList section */
		C8BB5FAE1D5C26A200006DCE /* Build configuration list for PBXProject "barrierDemo" */ = {
			isa = XCConfigurationList;
			buildConfigurations = (
				C8BB5FC81D5C26A200006DCE /* Debug */,
				C8BB5FC91D5C26A200006DCE /* Release */,
			);
			defaultConfigurationIsVisible = 0;
			defaultConfigurationName = Release;
		};
		C8BB5FCA1D5C26A200006DCE /* Build configuration list for PBXNativeTarget "barrierDemo" */ = {
			isa = XCConfigurationList;
			buildConfigurations = (
				C8BB5FCB1D5C26A200006DCE /* Debug */,
				C8BB5FCC1D5C26A200006DCE /* Release */,
			);
			defaultConfigurationIsVisible = 0;
		};
/* End XCConfigurationList section */
	};
	rootObject = C8BB5FAB1D5C26A200006DCE /* Project object */;
}
